
Microsoft Visual Studio Solution File, Format Version 12.00
# Visual Studio Version 17
VisualStudioVersion = 17.14.36717.8 d17.14
MinimumVisualStudioVersion = 10.0.40219.1
Project("{FAE04EC0-301F-11D3-BF4B-00C04F79EFBC}") = "MVC", "MVC.csproj", "{1F299A90-5DE2-44E9-877B-02F6C8CE56B5}"
EndProject
Global
	GlobalSection(SolutionConfigurationPlatforms) = preSolution
		Debug|Any CPU = Debug|Any CPU
		Release|Any CPU = Release|Any CPU
	EndGlobalSection
	GlobalSection(ProjectConfigurationPlatforms) = postSolution
		{1F299A90-5DE2-44E9-877B-02F6C8CE56B5}.Debug|Any CPU.ActiveCfg = Debug|Any CPU
		{1F299A90-5DE2-44E9-877B-02F6C8CE56B5}.Debug|Any CPU.Build.0 = Debug|Any CPU
		{1F299A90-5DE2-44E9-877B-02F6C8CE56B5}.Release|Any CPU.ActiveCfg = Release|Any CPU
		{1F299A90-5DE2-44E9-877B-02F6C8CE56B5}.Release|Any CPU.Build.0 = Release|Any CPU
	EndGlobalSection
	GlobalSection(SolutionProperties) = preSolution
		HideSolutionNode = FALSE
	EndGlobalSection
	GlobalSection(ExtensibilityGlobals) = postSolution
		SolutionGuid = {30286D02-6B2C-4EC6-B184-2A69329F40BD}
	EndGlobalSection
EndGlobal
