
Microsoft Visual Studio Solution File, Format Version 12.00
# Visual Studio Version 17
VisualStudioVersion = 17.14.36811.4 d17.14
MinimumVisualStudioVersion = 10.0.40219.1
Project("{FAE04EC0-301F-11D3-BF4B-00C04F79EFBC}") = "Lınq_Lambda", "Lınq_Lambda.csproj", "{173F18B9-56AC-402D-AB47-6370F002FFB6}"
EndProject
Global
	GlobalSection(SolutionConfigurationPlatforms) = preSolution
		Debug|Any CPU = Debug|Any CPU
		Release|Any CPU = Release|Any CPU
	EndGlobalSection
	GlobalSection(ProjectConfigurationPlatforms) = postSolution
		{173F18B9-56AC-402D-AB47-6370F002FFB6}.Debug|Any CPU.ActiveCfg = Debug|Any CPU
		{173F18B9-56AC-402D-AB47-6370F002FFB6}.Debug|Any CPU.Build.0 = Debug|Any CPU
		{173F18B9-56AC-402D-AB47-6370F002FFB6}.Release|Any CPU.ActiveCfg = Release|Any CPU
		{173F18B9-56AC-402D-AB47-6370F002FFB6}.Release|Any CPU.Build.0 = Release|Any CPU
	EndGlobalSection
	GlobalSection(SolutionProperties) = preSolution
		HideSolutionNode = FALSE
	EndGlobalSection
	GlobalSection(ExtensibilityGlobals) = postSolution
		SolutionGuid = {20ED63C8-83C7-4AE1-A441-F84CA255C4C7}
	EndGlobalSection
EndGlobal
