
Microsoft Visual Studio Solution File, Format Version 12.00
# Visual Studio Version 17
VisualStudioVersion = 17.14.36908.2 d17.14
MinimumVisualStudioVersion = 10.0.40219.1
Project("{FAE04EC0-301F-11D3-BF4B-00C04F79EFBC}") = "ExampleSportsOutdoor", "ExampleSportsOutdoor.csproj", "{232F84F5-8BA7-47A9-8652-EC109921004A}"
EndProject
Global
	GlobalSection(SolutionConfigurationPlatforms) = preSolution
		Debug|Any CPU = Debug|Any CPU
		Release|Any CPU = Release|Any CPU
	EndGlobalSection
	GlobalSection(ProjectConfigurationPlatforms) = postSolution
		{232F84F5-8BA7-47A9-8652-EC109921004A}.Debug|Any CPU.ActiveCfg = Debug|Any CPU
		{232F84F5-8BA7-47A9-8652-EC109921004A}.Debug|Any CPU.Build.0 = Debug|Any CPU
		{232F84F5-8BA7-47A9-8652-EC109921004A}.Release|Any CPU.ActiveCfg = Release|Any CPU
		{232F84F5-8BA7-47A9-8652-EC109921004A}.Release|Any CPU.Build.0 = Release|Any CPU
	EndGlobalSection
	GlobalSection(SolutionProperties) = preSolution
		HideSolutionNode = FALSE
	EndGlobalSection
	GlobalSection(ExtensibilityGlobals) = postSolution
		SolutionGuid = {F4B16053-BDA1-4AB8-9432-3D042AFCF125}
	EndGlobalSection
EndGlobal
