
Microsoft Visual Studio Solution File, Format Version 12.00
# Visual Studio Version 17
VisualStudioVersion = 17.14.36811.4 d17.14
MinimumVisualStudioVersion = 10.0.40219.1
Project("{FAE04EC0-301F-11D3-BF4B-00C04F79EFBC}") = "Project_Development", "Project_Development.csproj", "{F315DB08-636C-4CD2-BE2D-2F46D7925497}"
EndProject
Global
	GlobalSection(SolutionConfigurationPlatforms) = preSolution
		Debug|Any CPU = Debug|Any CPU
		Release|Any CPU = Release|Any CPU
	EndGlobalSection
	GlobalSection(ProjectConfigurationPlatforms) = postSolution
		{F315DB08-636C-4CD2-BE2D-2F46D7925497}.Debug|Any CPU.ActiveCfg = Debug|Any CPU
		{F315DB08-636C-4CD2-BE2D-2F46D7925497}.Debug|Any CPU.Build.0 = Debug|Any CPU
		{F315DB08-636C-4CD2-BE2D-2F46D7925497}.Release|Any CPU.ActiveCfg = Release|Any CPU
		{F315DB08-636C-4CD2-BE2D-2F46D7925497}.Release|Any CPU.Build.0 = Release|Any CPU
	EndGlobalSection
	GlobalSection(SolutionProperties) = preSolution
		HideSolutionNode = FALSE
	EndGlobalSection
	GlobalSection(ExtensibilityGlobals) = postSolution
		SolutionGuid = {70208C5E-5A9F-440C-A767-D972EB594E21}
	EndGlobalSection
EndGlobal
