
Microsoft Visual Studio Solution File, Format Version 12.00
# Visual Studio Version 17
VisualStudioVersion = 17.14.36811.4 d17.14
MinimumVisualStudioVersion = 10.0.40219.1
Project("{FAE04EC0-301F-11D3-BF4B-00C04F79EFBC}") = "Project_Development", "Project_Development.csproj", "{C11D9698-94A5-42F8-8B85-2E33ABBDCDC7}"
EndProject
Global
	GlobalSection(SolutionConfigurationPlatforms) = preSolution
		Debug|Any CPU = Debug|Any CPU
		Release|Any CPU = Release|Any CPU
	EndGlobalSection
	GlobalSection(ProjectConfigurationPlatforms) = postSolution
		{C11D9698-94A5-42F8-8B85-2E33ABBDCDC7}.Debug|Any CPU.ActiveCfg = Debug|Any CPU
		{C11D9698-94A5-42F8-8B85-2E33ABBDCDC7}.Debug|Any CPU.Build.0 = Debug|Any CPU
		{C11D9698-94A5-42F8-8B85-2E33ABBDCDC7}.Release|Any CPU.ActiveCfg = Release|Any CPU
		{C11D9698-94A5-42F8-8B85-2E33ABBDCDC7}.Release|Any CPU.Build.0 = Release|Any CPU
	EndGlobalSection
	GlobalSection(SolutionProperties) = preSolution
		HideSolutionNode = FALSE
	EndGlobalSection
	GlobalSection(ExtensibilityGlobals) = postSolution
		SolutionGuid = {67524D02-24A2-4C25-8479-61C290D60D6E}
	EndGlobalSection
EndGlobal
